dependencies:
  espressif/esp-modbus:
    component_hash: 5d5e90b9e55721a8a194b301ad8102d4affb647f47b74cd413ff7d1ce2c1169c
    dependencies:
    - name: idf
      require: private
      version: '>=4.3'
    source:
      registry_url: https://components.espressif.com/
      type: service
    version: 1.0.18
  idf:
    source:
      type: idf
    version: 5.1.2
direct_dependencies:
- espressif/esp-modbus
- idf
manifest_hash: a4561c4e827b9f8df6bdb3a8f746a73c1420a3492c6422d40c1a799578dd2993
target: esp32
version: 2.0.0
